{
  "requires": true,
  "lockfileVersion": 1,
  "dependencies": {
    "@fortawesome/fontawesome-free": {
      "version": "5.6.3",
      "resolved": "https://registry.npmjs.org/@fortawesome/fontawesome-free/-/fontawesome-free-5.6.3.tgz",
      "integrity": "sha512-s5PLdI9NYgjBvfrv6rhirPHlAHWx+Sfo/IjsAeiXYfmemC/GSjwsyz1wLnGPazbLPXWfk62ks980o9AmsxYUEQ=="
    },
    "animsition": {
      "version": "4.0.2",
      "resolved": "https://registry.npmjs.org/animsition/-/animsition-4.0.2.tgz",
      "integrity": "sha1-2MbmCwpWNeMoG5YkAsoqWxa2cU4="
    },
    "bootstrap": {
      "version": "4.2.1",
      "resolved": "https://registry.npmjs.org/bootstrap/-/bootstrap-4.2.1.tgz",
      "integrity": "sha512-tt/7vIv3Gm2mnd/WeDx36nfGGHleil0Wg8IeB7eMrVkY0fZ5iTaBisSh8oNANc2IBsCc6vCgCNTIM/IEN0+50Q=="
    },
    "ekko-lightbox": {
      "version": "5.3.0",
      "resolved": "https://registry.npmjs.org/ekko-lightbox/-/ekko-lightbox-5.3.0.tgz",
      "integrity": "sha512-mbacwySuVD3Ad6F2hTkjSTvJt59bcVv2l/TmBerp4xZnLak8tPtA4AScUn4DL42c1ksTiAO6sGhJZ52P/1Qgew=="
    },
    "fullpage.js": {
      "version": "3.0.4",
      "resolved": "https://registry.npmjs.org/fullpage.js/-/fullpage.js-3.0.4.tgz",
      "integrity": "sha512-GWpud0Gvr8i4k3QySoajFevO18UBKMJ9znU3o4uaXZkKYqLtS8d1BSQoAARmYwYgBLOw3YrKAG+4LoaIokO1UA=="
    },
    "in-view": {
      "version": "0.6.1",
      "resolved": "https://registry.npmjs.org/in-view/-/in-view-0.6.1.tgz",
      "integrity": "sha1-+fmbXVpv4BNZ2eGcVwMCoxIbr0I=",
      "requires": {
        "lodash": "^4.15.0"
      }
    },
    "jquery": {
      "version": "3.3.1",
      "resolved": "https://registry.npmjs.org/jquery/-/jquery-3.3.1.tgz",
      "integrity": "sha512-Ubldcmxp5np52/ENotGxlLe6aGMvmF4R8S6tZjsP6Knsaxd/xp3Zrh50cG93lR6nPXyUFwzN3ZSOQI0wRJNdGg=="
    },
    "jquery-backstretch": {
      "version": "2.1.17",
      "resolved": "https://registry.npmjs.org/jquery-backstretch/-/jquery-backstretch-2.1.17.tgz",
      "integrity": "sha512-GFaZ7uzqIRvq4sKHpQCDghYVirX1dGfMLpMtTrv3d4vRNO96LkkzcZ7Cnkk+/nPX2VDxBh8G1FfO9hcY61J5CQ==",
      "requires": {
        "jquery": "^3.1.1"
      }
    },
    "lodash": {
      "version": "4.17.10",
      "resolved": "https://registry.npmjs.org/lodash/-/lodash-4.17.10.tgz",
      "integrity": "sha512-UejweD1pDoXu+AD825lWwp4ZGtSwgnpZxb3JDViD7StjQz+Nb/6l093lx4OQ0foGWNRoc19mWy7BzL+UAK2iVg=="
    },
    "scrollreveal": {
      "version": "3.4.0",
      "resolved": "https://registry.npmjs.org/scrollreveal/-/scrollreveal-3.4.0.tgz",
      "integrity": "sha512-clyIvaRqSsuU8kn3kg/7JhBdLfw9knUccUbyoZCqtSDb870XOqT58CKpS9IMnqw8AwFvHiFVfyhU9XP/GpiY5w=="
    },
    "tilt.js": {
      "version": "1.2.1",
      "resolved": "https://registry.npmjs.org/tilt.js/-/tilt.js-1.2.1.tgz",
      "integrity": "sha512-IGRh3FJbq6BRH2ETb2KxDWont2k740oR+0QMs39QVkjnr7QmA6L1VzSKsOLgFXg5QNtHyRKp7vzFoJCYxgzsJA==",
      "requires": {
        "jquery": "^3.1.1"
      }
    }
  }
}
